// !$*UTF8*$!
{
	archiveVersion = 1;
	classes = {
	};
	objectVersion = 46;
	objects = {

/* Begin PBXBuildFile section */
		31320917BDB318C7DAA77E9A /* functions.cpp in Sources */ = {isa = PBXBuildFile; fileRef = 313208EB516E70DC37B106E4 /* functions.cpp */; };
		31320E5F4087619B5CE1BF75 /* base64.h in CopyFiles */ = {isa = PBXBuildFile; fileRef = 31320D505ADC7B39C3D393A8 /* base64.h */; };
		81987DF616C0DD3E0008FAB0 /* libimobiledevice.dylib in Frameworks */ = {isa = PBXBuildFile; fileRef = 81987DF516C0DD3E0008FAB0 /* libimobiledevice.dylib */; };
		81987DF916C0DD580008FAB0 /* libplist.1.dylib in Frameworks */ = {isa = PBXBuildFile; fileRef = 81987DF716C0DD570008FAB0 /* libplist.1.dylib */; };
		81987DFA16C0DD580008FAB0 /* libusbmuxd.2.dylib in Frameworks */ = {isa = PBXBuildFile; fileRef = 81987DF816C0DD570008FAB0 /* libusbmuxd.2.dylib */; };
		81987DFB16C0DD5E0008FAB0 /* libplist.1.dylib in CopyFiles */ = {isa = PBXBuildFile; fileRef = 81987DF716C0DD570008FAB0 /* libplist.1.dylib */; };
		81987DFC16C0DD5E0008FAB0 /* libusbmuxd.2.dylib in CopyFiles */ = {isa = PBXBuildFile; fileRef = 81987DF816C0DD570008FAB0 /* libusbmuxd.2.dylib */; };
		81987DFD16C0DD5E0008FAB0 /* libimobiledevice.dylib in CopyFiles */ = {isa = PBXBuildFile; fileRef = 81987DF516C0DD3E0008FAB0 /* libimobiledevice.dylib */; };
		819AF53D16BA68C600E3B545 /* InfoPlist.strings in Resources */ = {isa = PBXBuildFile; fileRef = 819AF53B16BA68C600E3B545 /* InfoPlist.strings */; };
		819AF55016BA7F4E00E3B545 /* Cocoa.framework in Frameworks */ = {isa = PBXBuildFile; fileRef = 819AF53216BA68C600E3B545 /* Cocoa.framework */; };
		819AF55216BA7F5800E3B545 /* WebKit.framework in Frameworks */ = {isa = PBXBuildFile; fileRef = 819AF55116BA7F5800E3B545 /* WebKit.framework */; };
		81AED23316BBAB0000C4D062 /* ibrowser.cpp in Sources */ = {isa = PBXBuildFile; fileRef = 81AED23216BBAB0000C4D062 /* ibrowser.cpp */; };
/* End PBXBuildFile section */

/* Begin PBXCopyFilesBuildPhase section */
		81987DF416C0DB9D0008FAB0 /* CopyFiles */ = {
			isa = PBXCopyFilesBuildPhase;
			buildActionMask = 2147483647;
			dstPath = "";
			dstSubfolderSpec = 6;
			files = (
				81987DFB16C0DD5E0008FAB0 /* libplist.1.dylib in CopyFiles */,
				81987DFC16C0DD5E0008FAB0 /* libusbmuxd.2.dylib in CopyFiles */,
				81987DFD16C0DD5E0008FAB0 /* libimobiledevice.dylib in CopyFiles */,
				31320E5F4087619B5CE1BF75 /* base64.h in CopyFiles */,
			);
			runOnlyForDeploymentPostprocessing = 0;
		};
/* End PBXCopyFilesBuildPhase section */

/* Begin PBXFileReference section */
		313208EB516E70DC37B106E4 /* functions.cpp */ = {isa = PBXFileReference; fileEncoding = 4; lastKnownFileType = sourcecode.cpp.cpp; path = functions.cpp; sourceTree = "<group>"; };
		31320D505ADC7B39C3D393A8 /* base64.h */ = {isa = PBXFileReference; fileEncoding = 4; lastKnownFileType = sourcecode.c.h; path = base64.h; sourceTree = "<group>"; };
		815B376E16C10AA500FB86EA /* functions.h */ = {isa = PBXFileReference; fileEncoding = 4; lastKnownFileType = sourcecode.c.h; path = functions.h; sourceTree = "<group>"; };
		81987DF516C0DD3E0008FAB0 /* libimobiledevice.dylib */ = {isa = PBXFileReference; lastKnownFileType = "compiled.mach-o.dylib"; name = libimobiledevice.dylib; path = libs/libimobiledevice.dylib; sourceTree = "<group>"; };
		81987DF716C0DD570008FAB0 /* libplist.1.dylib */ = {isa = PBXFileReference; lastKnownFileType = "compiled.mach-o.dylib"; name = libplist.1.dylib; path = libs/libplist.1.dylib; sourceTree = "<group>"; };
		81987DF816C0DD570008FAB0 /* libusbmuxd.2.dylib */ = {isa = PBXFileReference; lastKnownFileType = "compiled.mach-o.dylib"; name = libusbmuxd.2.dylib; path = libs/libusbmuxd.2.dylib; sourceTree = "<group>"; };
		819AF52F16BA68C600E3B545 /* IbrowserPlugin.bundle */ = {isa = PBXFileReference; explicitFileType = wrapper.cfbundle; includeInIndex = 0; path = IbrowserPlugin.bundle; sourceTree = BUILT_PRODUCTS_DIR; };
		819AF53216BA68C600E3B545 /* Cocoa.framework */ = {isa = PBXFileReference; lastKnownFileType = wrapper.framework; name = Cocoa.framework; path = System/Library/Frameworks/Cocoa.framework; sourceTree = SDKROOT; };
		819AF53516BA68C600E3B545 /* AppKit.framework */ = {isa = PBXFileReference; lastKnownFileType = wrapper.framework; name = AppKit.framework; path = System/Library/Frameworks/AppKit.framework; sourceTree = SDKROOT; };
		819AF53616BA68C600E3B545 /* CoreData.framework */ = {isa = PBXFileReference; lastKnownFileType = wrapper.framework; name = CoreData.framework; path = System/Library/Frameworks/CoreData.framework; sourceTree = SDKROOT; };
		819AF53716BA68C600E3B545 /* Foundation.framework */ = {isa = PBXFileReference; lastKnownFileType = wrapper.framework; name = Foundation.framework; path = System/Library/Frameworks/Foundation.framework; sourceTree = SDKROOT; };
		819AF53A16BA68C600E3B545 /* IbrowserPlugin-Info.plist */ = {isa = PBXFileReference; lastKnownFileType = text.plist.xml; path = "IbrowserPlugin-Info.plist"; sourceTree = "<group>"; };
		819AF53C16BA68C600E3B545 /* en */ = {isa = PBXFileReference; lastKnownFileType = text.plist.strings; name = en; path = en.lproj/InfoPlist.strings; sourceTree = "<group>"; };
		819AF53E16BA68C600E3B545 /* IbrowserPlugin-Prefix.pch */ = {isa = PBXFileReference; lastKnownFileType = sourcecode.c.h; path = "IbrowserPlugin-Prefix.pch"; sourceTree = "<group>"; };
		819AF54C16BA6BC200E3B545 /* chrome_plugin */ = {isa = PBXFileReference; lastKnownFileType = folder; path = chrome_plugin; sourceTree = "<group>"; };
		819AF55116BA7F5800E3B545 /* WebKit.framework */ = {isa = PBXFileReference; lastKnownFileType = wrapper.framework; name = WebKit.framework; path = System/Library/Frameworks/WebKit.framework; sourceTree = SDKROOT; };
		81AED23216BBAB0000C4D062 /* ibrowser.cpp */ = {isa = PBXFileReference; fileEncoding = 4; lastKnownFileType = sourcecode.cpp.cpp; path = ibrowser.cpp; sourceTree = "<group>"; };
/* End PBXFileReference section */

/* Begin PBXFrameworksBuildPhase section */
		819AF52C16BA68C600E3B545 /* Frameworks */ = {
			isa = PBXFrameworksBuildPhase;
			buildActionMask = 2147483647;
			files = (
				81987DF916C0DD580008FAB0 /* libplist.1.dylib in Frameworks */,
				81987DFA16C0DD580008FAB0 /* libusbmuxd.2.dylib in Frameworks */,
				81987DF616C0DD3E0008FAB0 /* libimobiledevice.dylib in Frameworks */,
				819AF55216BA7F5800E3B545 /* WebKit.framework in Frameworks */,
				819AF55016BA7F4E00E3B545 /* Cocoa.framework in Frameworks */,
			);
			runOnlyForDeploymentPostprocessing = 0;
		};
/* End PBXFrameworksBuildPhase section */

/* Begin PBXGroup section */
		819AF52416BA68C600E3B545 = {
			isa = PBXGroup;
			children = (
				81987DF716C0DD570008FAB0 /* libplist.1.dylib */,
				81987DF816C0DD570008FAB0 /* libusbmuxd.2.dylib */,
				81987DF516C0DD3E0008FAB0 /* libimobiledevice.dylib */,
				819AF55116BA7F5800E3B545 /* WebKit.framework */,
				819AF53816BA68C600E3B545 /* ibrowser_plugin */,
				819AF53116BA68C600E3B545 /* Frameworks */,
				819AF53016BA68C600E3B545 /* Products */,
				819AF54C16BA6BC200E3B545 /* chrome_plugin */,
			);
			sourceTree = "<group>";
		};
		819AF53016BA68C600E3B545 /* Products */ = {
			isa = PBXGroup;
			children = (
				819AF52F16BA68C600E3B545 /* IbrowserPlugin.bundle */,
			);
			name = Products;
			sourceTree = "<group>";
		};
		819AF53116BA68C600E3B545 /* Frameworks */ = {
			isa = PBXGroup;
			children = (
				819AF53216BA68C600E3B545 /* Cocoa.framework */,
				819AF53416BA68C600E3B545 /* Other Frameworks */,
			);
			name = Frameworks;
			sourceTree = "<group>";
		};
		819AF53416BA68C600E3B545 /* Other Frameworks */ = {
			isa = PBXGroup;
			children = (
				819AF53516BA68C600E3B545 /* AppKit.framework */,
				819AF53616BA68C600E3B545 /* CoreData.framework */,
				819AF53716BA68C600E3B545 /* Foundation.framework */,
			);
			name = "Other Frameworks";
			sourceTree = "<group>";
		};
		819AF53816BA68C600E3B545 /* ibrowser_plugin */ = {
			isa = PBXGroup;
			children = (
				815B376E16C10AA500FB86EA /* functions.h */,
				81AED23216BBAB0000C4D062 /* ibrowser.cpp */,
				819AF53916BA68C600E3B545 /* Supporting Files */,
				313208EB516E70DC37B106E4 /* functions.cpp */,
				31320D505ADC7B39C3D393A8 /* base64.h */,
			);
			path = ibrowser_plugin;
			sourceTree = "<group>";
		};
		819AF53916BA68C600E3B545 /* Supporting Files */ = {
			isa = PBXGroup;
			children = (
				819AF53A16BA68C600E3B545 /* IbrowserPlugin-Info.plist */,
				819AF53B16BA68C600E3B545 /* InfoPlist.strings */,
				819AF53E16BA68C600E3B545 /* IbrowserPlugin-Prefix.pch */,
			);
			name = "Supporting Files";
			sourceTree = "<group>";
		};
/* End PBXGroup section */

/* Begin PBXNativeTarget section */
		819AF52E16BA68C600E3B545 /* IbrowserPlugin */ = {
			isa = PBXNativeTarget;
			buildConfigurationList = 819AF54116BA68C600E3B545 /* Build configuration list for PBXNativeTarget "IbrowserPlugin" */;
			buildPhases = (
				819AF52B16BA68C600E3B545 /* Sources */,
				819AF52C16BA68C600E3B545 /* Frameworks */,
				819AF52D16BA68C600E3B545 /* Resources */,
				81987DF416C0DB9D0008FAB0 /* CopyFiles */,
			);
			buildRules = (
			);
			dependencies = (
			);
			name = IbrowserPlugin;
			productName = ibrowser_plugin;
			productReference = 819AF52F16BA68C600E3B545 /* IbrowserPlugin.bundle */;
			productType = "com.apple.product-type.bundle";
		};
/* End PBXNativeTarget section */

/* Begin PBXProject section */
		819AF52616BA68C600E3B545 /* Project object */ = {
			isa = PBXProject;
			attributes = {
				LastUpgradeCheck = 0450;
				ORGANIZATIONNAME = liangwei;
			};
			buildConfigurationList = 819AF52916BA68C600E3B545 /* Build configuration list for PBXProject "IbrowserPlugin" */;
			compatibilityVersion = "Xcode 3.2";
			developmentRegion = English;
			hasScannedForEncodings = 0;
			knownRegions = (
				en,
			);
			mainGroup = 819AF52416BA68C600E3B545;
			productRefGroup = 819AF53016BA68C600E3B545 /* Products */;
			projectDirPath = "";
			projectRoot = "";
			targets = (
				819AF52E16BA68C600E3B545 /* IbrowserPlugin */,
			);
		};
/* End PBXProject section */

/* Begin PBXResourcesBuildPhase section */
		819AF52D16BA68C600E3B545 /* Resources */ = {
			isa = PBXResourcesBuildPhase;
			buildActionMask = 2147483647;
			files = (
				819AF53D16BA68C600E3B545 /* InfoPlist.strings in Resources */,
			);
			runOnlyForDeploymentPostprocessing = 0;
		};
/* End PBXResourcesBuildPhase section */

/* Begin PBXSourcesBuildPhase section */
		819AF52B16BA68C600E3B545 /* Sources */ = {
			isa = PBXSourcesBuildPhase;
			buildActionMask = 2147483647;
			files = (
				81AED23316BBAB0000C4D062 /* ibrowser.cpp in Sources */,
				31320917BDB318C7DAA77E9A /* functions.cpp in Sources */,
			);
			runOnlyForDeploymentPostprocessing = 0;
		};
/* End PBXSourcesBuildPhase section */

/* Begin PBXVariantGroup section */
		819AF53B16BA68C600E3B545 /* InfoPlist.strings */ = {
			isa = PBXVariantGroup;
			children = (
				819AF53C16BA68C600E3B545 /* en */,
			);
			name = InfoPlist.strings;
			sourceTree = "<group>";
		};
/* End PBXVariantGroup section */

/* Begin XCBuildConfiguration section */
		819AF53F16BA68C600E3B545 /* Debug */ = {
			isa = XCBuildConfiguration;
			buildSettings = {
				ALWAYS_SEARCH_USER_PATHS = NO;
				ARCHS = "$(ARCHS_STANDARD_32_BIT)";
				CLANG_CXX_LANGUAGE_STANDARD = "gnu++0x";
				CLANG_CXX_LIBRARY = "libc++";
				CLANG_WARN_EMPTY_BODY = YES;
				CLANG_WARN__DUPLICATE_METHOD_MATCH = YES;
				COPY_PHASE_STRIP = NO;
				GCC_C_LANGUAGE_STANDARD = gnu99;
				GCC_DYNAMIC_NO_PIC = NO;
				GCC_ENABLE_FLOATING_POINT_LIBRARY_CALLS = YES;
				GCC_ENABLE_OBJC_EXCEPTIONS = YES;
				GCC_ENABLE_TRIGRAPHS = NO;
				GCC_INPUT_FILETYPE = sourcecode.cpp.cpp;
				GCC_OPTIMIZATION_LEVEL = 0;
				GCC_PREPROCESSOR_DEFINITIONS = "XP_MACOSX=1";
				GCC_SYMBOLS_PRIVATE_EXTERN = NO;
				GCC_USE_INDIRECT_FUNCTION_CALLS = YES;
				GCC_USE_REGISTER_FUNCTION_CALLS = YES;
				GCC_VERSION = com.apple.compilers.llvm.clang.1_0;
				GCC_WARN_64_TO_32_BIT_CONVERSION = YES;
				GCC_WARN_ABOUT_RETURN_TYPE = YES;
				GCC_WARN_UNINITIALIZED_AUTOS = YES;
				GCC_WARN_UNUSED_VARIABLE = YES;
				HEADER_SEARCH_PATHS = (
					/usr/local/include,
					/usr/include,
				);
				MACOSX_DEPLOYMENT_TARGET = 10.8;
				ONLY_ACTIVE_ARCH = YES;
				SDKROOT = macosx;
			};
			name = Debug;
		};
		819AF54016BA68C600E3B545 /* Release */ = {
			isa = XCBuildConfiguration;
			buildSettings = {
				ALWAYS_SEARCH_USER_PATHS = NO;
				ARCHS = "$(ARCHS_STANDARD_32_BIT)";
				CLANG_CXX_LANGUAGE_STANDARD = "gnu++0x";
				CLANG_CXX_LIBRARY = "libc++";
				CLANG_WARN_EMPTY_BODY = YES;
				CLANG_WARN__DUPLICATE_METHOD_MATCH = YES;
				COPY_PHASE_STRIP = YES;
				DEBUG_INFORMATION_FORMAT = "dwarf-with-dsym";
				GCC_C_LANGUAGE_STANDARD = gnu99;
				GCC_ENABLE_FLOATING_POINT_LIBRARY_CALLS = YES;
				GCC_ENABLE_OBJC_EXCEPTIONS = YES;
				GCC_ENABLE_TRIGRAPHS = NO;
				GCC_INPUT_FILETYPE = sourcecode.cpp.cpp;
				GCC_PREPROCESSOR_DEFINITIONS = "XP_MACOSX=1";
				GCC_USE_INDIRECT_FUNCTION_CALLS = YES;
				GCC_USE_REGISTER_FUNCTION_CALLS = YES;
				GCC_VERSION = com.apple.compilers.llvm.clang.1_0;
				GCC_WARN_64_TO_32_BIT_CONVERSION = YES;
				GCC_WARN_ABOUT_RETURN_TYPE = YES;
				GCC_WARN_UNINITIALIZED_AUTOS = YES;
				GCC_WARN_UNUSED_VARIABLE = YES;
				HEADER_SEARCH_PATHS = (
					/usr/local/include,
					/usr/include,
				);
				MACOSX_DEPLOYMENT_TARGET = 10.8;
				SDKROOT = macosx;
			};
			name = Release;
		};
		819AF54216BA68C600E3B545 /* Debug */ = {
			isa = XCBuildConfiguration;
			buildSettings = {
				ARCHS = "$(ARCHS_STANDARD_32_BIT)";
				CLANG_CXX_LANGUAGE_STANDARD = "gnu++0x";
				CLANG_CXX_LIBRARY = "libc++";
				COMBINE_HIDPI_IMAGES = YES;
				FRAMEWORK_SEARCH_PATHS = "$(inherited)";
				GCC_CW_ASM_SYNTAX = NO;
				GCC_C_LANGUAGE_STANDARD = gnu99;
				GCC_ENABLE_CPP_RTTI = YES;
				GCC_ENABLE_TRIGRAPHS = YES;
				GCC_INCREASE_PRECOMPILED_HEADER_SHARING = YES;
				GCC_INPUT_FILETYPE = automatic;
				GCC_PRECOMPILE_PREFIX_HEADER = YES;
				GCC_PREFIX_HEADER = "ibrowser_plugin/IbrowserPlugin-Prefix.pch";
				GCC_VERSION = com.apple.compilers.llvm.clang.1_0;
				HEADER_SEARCH_PATHS = (
					/usr/include,
					/usr/local/include,
					/Users/liangwei/ibrowser_plugin/include,
				);
				INFOPLIST_FILE = "ibrowser_plugin/IbrowserPlugin-Info.plist";
				INSTALL_PATH = "$(LOCAL_LIBRARY_DIR)/Bundles";
				LIBRARY_SEARCH_PATHS = (
					"\"$(SRCROOT)/chrome_plugin\"",
					"\"$(SRCROOT)/libs\"",
				);
				PRODUCT_NAME = IbrowserPlugin;
				VALID_ARCHS = "i386 x86_64";
				WRAPPER_EXTENSION = bundle;
			};
			name = Debug;
		};
		819AF54316BA68C600E3B545 /* Release */ = {
			isa = XCBuildConfiguration;
			buildSettings = {
				ARCHS = "$(ARCHS_STANDARD_32_BIT)";
				CLANG_CXX_LANGUAGE_STANDARD = "gnu++0x";
				CLANG_CXX_LIBRARY = "libc++";
				COMBINE_HIDPI_IMAGES = YES;
				FRAMEWORK_SEARCH_PATHS = "$(inherited)";
				GCC_CW_ASM_SYNTAX = NO;
				GCC_C_LANGUAGE_STANDARD = gnu99;
				GCC_ENABLE_CPP_RTTI = YES;
				GCC_ENABLE_TRIGRAPHS = YES;
				GCC_INCREASE_PRECOMPILED_HEADER_SHARING = YES;
				GCC_INPUT_FILETYPE = automatic;
				GCC_PRECOMPILE_PREFIX_HEADER = YES;
				GCC_PREFIX_HEADER = "ibrowser_plugin/IbrowserPlugin-Prefix.pch";
				GCC_VERSION = com.apple.compilers.llvm.clang.1_0;
				HEADER_SEARCH_PATHS = (
					/usr/include,
					/usr/local/include,
					/Users/liangwei/ibrowser_plugin/include,
				);
				INFOPLIST_FILE = "ibrowser_plugin/IbrowserPlugin-Info.plist";
				INSTALL_PATH = "$(LOCAL_LIBRARY_DIR)/Bundles";
				LIBRARY_SEARCH_PATHS = (
					"\"$(SRCROOT)/chrome_plugin\"",
					"\"$(SRCROOT)/libs\"",
				);
				PRODUCT_NAME = IbrowserPlugin;
				VALID_ARCHS = "i386 x86_64";
				WRAPPER_EXTENSION = bundle;
			};
			name = Release;
		};
/* End XCBuildConfiguration section */

/* Begin XCConfigurationList section */
		819AF52916BA68C600E3B545 /* Build configuration list for PBXProject "IbrowserPlugin" */ = {
			isa = XCConfigurationList;
			buildConfigurations = (
				819AF53F16BA68C600E3B545 /* Debug */,
				819AF54016BA68C600E3B545 /* Release */,
			);
			defaultConfigurationIsVisible = 0;
			defaultConfigurationName = Release;
		};
		819AF54116BA68C600E3B545 /* Build configuration list for PBXNativeTarget "IbrowserPlugin" */ = {
			isa = XCConfigurationList;
			buildConfigurations = (
				819AF54216BA68C600E3B545 /* Debug */,
				819AF54316BA68C600E3B545 /* Release */,
			);
			defaultConfigurationIsVisible = 0;
			defaultConfigurationName = Release;
		};
/* End XCConfigurationList section */
	};
	rootObject = 819AF52616BA68C600E3B545 /* Project object */;
}
